
Microsoft Visual Studio Solution File, Format Version 12.00
# Visual Studio Version 17
VisualStudioVersion = 17.14.36616.10
MinimumVisualStudioVersion = 10.0.40219.1
Project("{FAE04EC0-301F-11D3-BF4B-00C04F79EFBC}") = "ShopCoApi", "ShopCoApi\ShopCoApi.csproj", "{774E8419-F974-4548-87A0-BAF562FC4FB0}"
EndProject
Project("{E53339B2-1760-4266-BCC7-CA923CBCF16C}") = "docker-compose", "docker-compose.dcproj", "{81DDED9D-158B-E303-5F62-77A2896D2A5A}"
EndProject
Project("{FAE04EC0-301F-11D3-BF4B-00C04F79EFBC}") = "ShopCoApi.Tests", "..\ShopCoApi.Tests\ShopCoApi.Tests.csproj", "{796B2E99-6FB2-4882-9808-CBF722661ED3}"
EndProject
Global
	GlobalSection(SolutionConfigurationPlatforms) = preSolution
		Debug|Any CPU = Debug|Any CPU
		Release|Any CPU = Release|Any CPU
	EndGlobalSection
	GlobalSection(ProjectConfigurationPlatforms) = postSolution
		{774E8419-F974-4548-87A0-BAF562FC4FB0}.Debug|Any CPU.ActiveCfg = Debug|Any CPU
		{774E8419-F974-4548-87A0-BAF562FC4FB0}.Debug|Any CPU.Build.0 = Debug|Any CPU
		{774E8419-F974-4548-87A0-BAF562FC4FB0}.Release|Any CPU.ActiveCfg = Release|Any CPU
		{774E8419-F974-4548-87A0-BAF562FC4FB0}.Release|Any CPU.Build.0 = Release|Any CPU
		{81DDED9D-158B-E303-5F62-77A2896D2A5A}.Debug|Any CPU.ActiveCfg = Debug|Any CPU
		{81DDED9D-158B-E303-5F62-77A2896D2A5A}.Debug|Any CPU.Build.0 = Debug|Any CPU
		{81DDED9D-158B-E303-5F62-77A2896D2A5A}.Release|Any CPU.ActiveCfg = Release|Any CPU
		{81DDED9D-158B-E303-5F62-77A2896D2A5A}.Release|Any CPU.Build.0 = Release|Any CPU
		{796B2E99-6FB2-4882-9808-CBF722661ED3}.Debug|Any CPU.ActiveCfg = Debug|Any CPU
		{796B2E99-6FB2-4882-9808-CBF722661ED3}.Debug|Any CPU.Build.0 = Debug|Any CPU
		{796B2E99-6FB2-4882-9808-CBF722661ED3}.Release|Any CPU.ActiveCfg = Release|Any CPU
		{796B2E99-6FB2-4882-9808-CBF722661ED3}.Release|Any CPU.Build.0 = Release|Any CPU
	EndGlobalSection
	GlobalSection(SolutionProperties) = preSolution
		HideSolutionNode = FALSE
	EndGlobalSection
	GlobalSection(ExtensibilityGlobals) = postSolution
		SolutionGuid = {E33F2DEB-7D43-460F-8F8F-886B45A89205}
	EndGlobalSection
EndGlobal
